<?xml version="1.0" encoding="utf-8"?>
<Project ToolsVersion="4.0" xmlns="http://schemas.microsoft.com/developer/msbuild/2003">
  <ItemGroup>
    <Filter Include="Game">
      <UniqueIdentifier>{22d7ccaa-f254-4620-a8e2-3d51200a1eed}</UniqueIdentifier>
    </Filter>
    <Filter Include="Game\Header Files">
      <UniqueIdentifier>{26327664-6fd8-471f-9a54-006cf240dc44}</UniqueIdentifier>
    </Filter>
    <Filter Include="Game\Source Files">
      <UniqueIdentifier>{1cd10265-21a6-4009-b361-617fe0c128c3}</UniqueIdentifier>
    </Filter>
  </ItemGroup>
  <ItemGroup>
    <ClInclude Include="Camera.h">
      <Filter>Game\Header Files</Filter>
    </ClInclude>
    <ClInclude Include="Entity.h">
      <Filter>Game\Header Files</Filter>
    </ClInclude>
    <ClInclude Include="EntityManager.h">
      <Filter>Game\Header Files</Filter>
    </ClInclude>
    <ClInclude Include="Game.h">
      <Filter>Game\Header Files</Filter>
    </ClInclude>
    <ClInclude Include="Input.h">
      <Filter>Game\Header Files</Filter>
    </ClInclude>
    <ClInclude Include="Screen.h">
      <Filter>Game\Header Files</Filter>
    </ClInclude>
    <ClInclude Include="ScreenManager.h">
      <Filter>Game\Header Files</Filter>
    </ClInclude>
    <ClInclude Include="Includes.h">
      <Filter>Game</Filter>
    </ClInclude>
    <ClInclude Include="Sprite.h">
      <Filter>Game\Header Files</Filter>
    </ClInclude>
    <ClInclude Include="Spritesheet.h">
      <Filter>Game\Header Files</Filter>
    </ClInclude>
    <ClInclude Include="Player.h">
      <Filter>Game\Header Files</Filter>
    </ClInclude>
    <ClInclude Include="PlayerSprite.h">
      <Filter>Game\Header Files</Filter>
    </ClInclude>
    <ClInclude Include="TextSprite.h">
      <Filter>Game\Header Files</Filter>
    </ClInclude>
    <ClInclude Include="Text.h">
      <Filter>Game\Header Files</Filter>
    </ClInclude>
  </ItemGroup>
  <ItemGroup>
    <ClCompile Include="Game.cpp">
      <Filter>Game\Source Files</Filter>
    </ClCompile>
    <ClCompile Include="Screen.cpp">
      <Filter>Game\Source Files</Filter>
    </ClCompile>
    <ClCompile Include="ScreenManager.cpp">
      <Filter>Game\Source Files</Filter>
    </ClCompile>
    <ClCompile Include="Input.cpp">
      <Filter>Game\Source Files</Filter>
    </ClCompile>
    <ClCompile Include="Entity.cpp">
      <Filter>Game\Source Files</Filter>
    </ClCompile>
    <ClCompile Include="EntityManager.cpp">
      <Filter>Game\Source Files</Filter>
    </ClCompile>
    <ClCompile Include="Camera.cpp">
      <Filter>Game\Source Files</Filter>
    </ClCompile>
    <ClCompile Include="main.cpp">
      <Filter>Game</Filter>
    </ClCompile>
    <ClCompile Include="SpriteSheet.cpp">
      <Filter>Game\Source Files</Filter>
    </ClCompile>
    <ClCompile Include="Sprite.cpp">
      <Filter>Game\Source Files</Filter>
    </ClCompile>
    <ClCompile Include="Player.cpp">
      <Filter>Game\Source Files</Filter>
    </ClCompile>
    <ClCompile Include="PlayerSprite.cpp">
      <Filter>Game\Source Files</Filter>
    </ClCompile>
    <ClCompile Include="TextSprite.cpp">
      <Filter>Game\Source Files</Filter>
    </ClCompile>
    <ClCompile Include="Text.cpp">
      <Filter>Game\Source Files</Filter>
    </ClCompile>
  </ItemGroup>
</Project>