<?xml version="1.0" encoding="utf-8"?>
<Project ToolsVersion="4.0" xmlns="http://schemas.microsoft.com/developer/msbuild/2003">
  <ItemGroup>
    <Filter Include="Game">
      <UniqueIdentifier>{22d7ccaa-f254-4620-a8e2-3d51200a1eed}</UniqueIdentifier>
    </Filter>
  </ItemGroup>
  <ItemGroup>
    <ClCompile Include="src\Collision\DamageBox.cpp">
      <Filter>Game</Filter>
    </ClCompile>
    <ClCompile Include="src\Collision\Rect.cpp">
      <Filter>Game</Filter>
    </ClCompile>
    <ClCompile Include="src\Core\Camera.cpp">
      <Filter>Game</Filter>
    </ClCompile>
    <ClCompile Include="src\Graphics\Sprite.cpp">
      <Filter>Game</Filter>
    </ClCompile>
    <ClCompile Include="src\Graphics\SpriteSheet.cpp">
      <Filter>Game</Filter>
    </ClCompile>
    <ClCompile Include="src\Graphics\Text.cpp">
      <Filter>Game</Filter>
    </ClCompile>
    <ClCompile Include="src\Graphics\TextSprite.cpp">
      <Filter>Game</Filter>
    </ClCompile>
    <ClCompile Include="src\main.cpp">
      <Filter>Game</Filter>
    </ClCompile>
    <ClCompile Include="src\Weapons\MeleeWeapon.cpp">
      <Filter>Game</Filter>
    </ClCompile>
    <ClCompile Include="src\Weapons\Weapon.cpp">
      <Filter>Game</Filter>
    </ClCompile>
    <ClCompile Include="src\Core\Core.cpp">
      <Filter>Game</Filter>
    </ClCompile>
    <ClCompile Include="src\Core\Game.cpp" />
    <ClCompile Include="src\Core\Spawner.cpp" />
    <ClCompile Include="src\Collision\InvulnerableBox.cpp" />
    <ClCompile Include="src\Entity\HUD.cpp" />
    <ClCompile Include="src\Graphics\Tile.cpp" />
    <ClCompile Include="src\Systems\SpriteSystem.cpp" />
    <ClCompile Include="src\Systems\PlayerInputSystem.cpp" />
    <ClCompile Include="src\Systems\CollisionSystem.cpp" />
    <ClCompile Include="src\Systems\PhysicsSystem.cpp" />
    <ClCompile Include="src\Systems\DebugDrawSystem.cpp" />
    <ClCompile Include="src\Core\Profiler.cpp" />
  </ItemGroup>
  <ItemGroup>
    <ClInclude Include="src\Collision\DamageBox.h">
      <Filter>Game</Filter>
    </ClInclude>
    <ClInclude Include="src\Collision\Rect.h">
      <Filter>Game</Filter>
    </ClInclude>
    <ClInclude Include="src\Core\Camera.h">
      <Filter>Game</Filter>
    </ClInclude>
    <ClInclude Include="src\Core\Includes.h">
      <Filter>Game</Filter>
    </ClInclude>
    <ClInclude Include="src\Core\Logging.h">
      <Filter>Game</Filter>
    </ClInclude>
    <ClInclude Include="src\Graphics\Sprite.h">
      <Filter>Game</Filter>
    </ClInclude>
    <ClInclude Include="src\Graphics\Spritesheet.h">
      <Filter>Game</Filter>
    </ClInclude>
    <ClInclude Include="src\Graphics\Text.h">
      <Filter>Game</Filter>
    </ClInclude>
    <ClInclude Include="src\Graphics\TextSprite.h">
      <Filter>Game</Filter>
    </ClInclude>
    <ClInclude Include="src\Weapons\MeleeWeapon.h">
      <Filter>Game</Filter>
    </ClInclude>
    <ClInclude Include="src\Weapons\Weapon.h">
      <Filter>Game</Filter>
    </ClInclude>
    <ClInclude Include="src\Core\Core.h">
      <Filter>Game</Filter>
    </ClInclude>
    <ClInclude Include="src\Core\Game.h" />
    <ClInclude Include="src\Core\EntityData.h" />
    <ClInclude Include="src\Core\Spawner.h" />
    <ClInclude Include="src\Collision\InvulnerableBox.h" />
    <ClInclude Include="src\Entity\HUD.h" />
    <ClInclude Include="src\Graphics\Tile.h" />
    <ClInclude Include="src\Entity\Components.h" />
    <ClInclude Include="src\Entity\EntityManager.h" />
    <ClInclude Include="src\Systems\SpriteSystem.h" />
    <ClInclude Include="src\Systems\PlayerInputSystem.h" />
    <ClInclude Include="src\Systems\System.h" />
    <ClInclude Include="src\Systems\CollisionSystem.h" />
    <ClInclude Include="src\Systems\PhysicsSystem.h" />
    <ClInclude Include="src\Systems\DebugDrawSystem.h" />
    <ClInclude Include="src\Core\Profiler.h" />
  </ItemGroup>
</Project>