<?xml version="1.0" encoding="utf-8"?>
<Project ToolsVersion="4.0" xmlns="http://schemas.microsoft.com/developer/msbuild/2003">
  <ItemGroup>
    <Filter Include="Game">
      <UniqueIdentifier>{22d7ccaa-f254-4620-a8e2-3d51200a1eed}</UniqueIdentifier>
    </Filter>
  </ItemGroup>
  <ItemGroup>
    <ClInclude Include="Includes.h">
      <Filter>Game</Filter>
    </ClInclude>
    <ClInclude Include="Logging.h">
      <Filter>Game</Filter>
    </ClInclude>
    <ClInclude Include="Camera.h">
      <Filter>Game</Filter>
    </ClInclude>
    <ClInclude Include="CollideBox.h">
      <Filter>Game</Filter>
    </ClInclude>
    <ClInclude Include="Collision.h">
      <Filter>Game</Filter>
    </ClInclude>
    <ClInclude Include="DamageBox.h">
      <Filter>Game</Filter>
    </ClInclude>
    <ClInclude Include="Entity.h">
      <Filter>Game</Filter>
    </ClInclude>
    <ClInclude Include="EntityManager.h">
      <Filter>Game</Filter>
    </ClInclude>
    <ClInclude Include="Game.h">
      <Filter>Game</Filter>
    </ClInclude>
    <ClInclude Include="Input.h">
      <Filter>Game</Filter>
    </ClInclude>
    <ClInclude Include="MeleeWeapon.h">
      <Filter>Game</Filter>
    </ClInclude>
    <ClInclude Include="Rect.h">
      <Filter>Game</Filter>
    </ClInclude>
    <ClInclude Include="Player.h">
      <Filter>Game</Filter>
    </ClInclude>
    <ClInclude Include="PlayerSprite.h">
      <Filter>Game</Filter>
    </ClInclude>
    <ClInclude Include="Screen.h">
      <Filter>Game</Filter>
    </ClInclude>
    <ClInclude Include="ScreenManager.h">
      <Filter>Game</Filter>
    </ClInclude>
    <ClInclude Include="Sprite.h">
      <Filter>Game</Filter>
    </ClInclude>
    <ClInclude Include="Spritesheet.h">
      <Filter>Game</Filter>
    </ClInclude>
    <ClInclude Include="Terrain.h">
      <Filter>Game</Filter>
    </ClInclude>
    <ClInclude Include="Text.h">
      <Filter>Game</Filter>
    </ClInclude>
    <ClInclude Include="TextSprite.h">
      <Filter>Game</Filter>
    </ClInclude>
    <ClInclude Include="Weapon.h">
      <Filter>Game</Filter>
    </ClInclude>
  </ItemGroup>
  <ItemGroup>
    <ClCompile Include="main.cpp">
      <Filter>Game</Filter>
    </ClCompile>
    <ClCompile Include="Weapon.cpp">
      <Filter>Game</Filter>
    </ClCompile>
    <ClCompile Include="Camera.cpp">
      <Filter>Game</Filter>
    </ClCompile>
    <ClCompile Include="CollideBox.cpp">
      <Filter>Game</Filter>
    </ClCompile>
    <ClCompile Include="Collision.cpp">
      <Filter>Game</Filter>
    </ClCompile>
    <ClCompile Include="DamageBox.cpp">
      <Filter>Game</Filter>
    </ClCompile>
    <ClCompile Include="Entity.cpp">
      <Filter>Game</Filter>
    </ClCompile>
    <ClCompile Include="EntityManager.cpp">
      <Filter>Game</Filter>
    </ClCompile>
    <ClCompile Include="Game.cpp">
      <Filter>Game</Filter>
    </ClCompile>
    <ClCompile Include="Input.cpp">
      <Filter>Game</Filter>
    </ClCompile>
    <ClCompile Include="MeleeWeapon.cpp">
      <Filter>Game</Filter>
    </ClCompile>
    <ClCompile Include="Player.cpp">
      <Filter>Game</Filter>
    </ClCompile>
    <ClCompile Include="PlayerSprite.cpp">
      <Filter>Game</Filter>
    </ClCompile>
    <ClCompile Include="Rect.cpp">
      <Filter>Game</Filter>
    </ClCompile>
    <ClCompile Include="Screen.cpp">
      <Filter>Game</Filter>
    </ClCompile>
    <ClCompile Include="ScreenManager.cpp">
      <Filter>Game</Filter>
    </ClCompile>
    <ClCompile Include="Sprite.cpp">
      <Filter>Game</Filter>
    </ClCompile>
    <ClCompile Include="SpriteSheet.cpp">
      <Filter>Game</Filter>
    </ClCompile>
    <ClCompile Include="Terrain.cpp">
      <Filter>Game</Filter>
    </ClCompile>
    <ClCompile Include="Text.cpp">
      <Filter>Game</Filter>
    </ClCompile>
    <ClCompile Include="TextSprite.cpp">
      <Filter>Game</Filter>
    </ClCompile>
  </ItemGroup>
</Project>